
Microsoft Visual Studio Solution File, Format Version 12.00
# Visual Studio 15
VisualStudioVersion = 15.0.26730.16
MinimumVisualStudioVersion = 10.0.40219.1
Project("{FAE04EC0-301F-11D3-BF4B-00C04F79EFBC}") = "mpESKD_2010", "mpESKD_2010\mpESKD_2010.csproj", "{67ED9D0B-D000-4361-A1C3-3EC6CB23B555}"
EndProject
Project("{FAE04EC0-301F-11D3-BF4B-00C04F79EFBC}") = "mpESKD_2018", "mpESKD_2018\mpESKD_2018.csproj", "{06E3DA7D-EDAE-402E-BDE1-BE643E066C55}"
EndProject
Project("{FAE04EC0-301F-11D3-BF4B-00C04F79EFBC}") = "mpESKD_2011", "mpESKD_2011\mpESKD_2011.csproj", "{B05A0AF0-18D0-4D38-938A-252AF57E02CD}"
EndProject
Project("{FAE04EC0-301F-11D3-BF4B-00C04F79EFBC}") = "mpESKD_2012", "mpESKD_2012\mpESKD_2012.csproj", "{41873065-CBF7-42B9-8BB3-C18C4D224BD6}"
EndProject
Project("{FAE04EC0-301F-11D3-BF4B-00C04F79EFBC}") = "mpESKD_2013", "mpESKD_2013\mpESKD_2013.csproj", "{60E86B21-3AC7-4413-8EF0-C60665845F65}"
EndProject
Project("{FAE04EC0-301F-11D3-BF4B-00C04F79EFBC}") = "mpESKD_2014", "mpESKD_2014\mpESKD_2014.csproj", "{78745DD1-2507-4D93-8A7D-110B31166819}"
EndProject
Project("{FAE04EC0-301F-11D3-BF4B-00C04F79EFBC}") = "mpESKD_2015", "mpESKD_2015\mpESKD_2015.csproj", "{4373E76E-0269-4C7C-9D09-DA9B925A49EB}"
EndProject
Project("{FAE04EC0-301F-11D3-BF4B-00C04F79EFBC}") = "mpESKD_2016", "mpESKD_2016\mpESKD_2016.csproj", "{C606B042-13C8-4027-AD76-12161617CC07}"
EndProject
Project("{FAE04EC0-301F-11D3-BF4B-00C04F79EFBC}") = "mpESKD_2017", "mpESKD_2017\mpESKD_2017.csproj", "{5521EDFD-2121-4DAA-8041-E848C83A969F}"
EndProject
Global
	GlobalSection(SolutionConfigurationPlatforms) = preSolution
		Debug|Any CPU = Debug|Any CPU
		Release|Any CPU = Release|Any CPU
	EndGlobalSection
	GlobalSection(ProjectConfigurationPlatforms) = postSolution
		{67ED9D0B-D000-4361-A1C3-3EC6CB23B555}.Debug|Any CPU.ActiveCfg = Debug|Any CPU
		{67ED9D0B-D000-4361-A1C3-3EC6CB23B555}.Debug|Any CPU.Build.0 = Debug|Any CPU
		{67ED9D0B-D000-4361-A1C3-3EC6CB23B555}.Release|Any CPU.ActiveCfg = Release|Any CPU
		{67ED9D0B-D000-4361-A1C3-3EC6CB23B555}.Release|Any CPU.Build.0 = Release|Any CPU
		{06E3DA7D-EDAE-402E-BDE1-BE643E066C55}.Debug|Any CPU.ActiveCfg = Debug|Any CPU
		{06E3DA7D-EDAE-402E-BDE1-BE643E066C55}.Debug|Any CPU.Build.0 = Debug|Any CPU
		{06E3DA7D-EDAE-402E-BDE1-BE643E066C55}.Release|Any CPU.ActiveCfg = Release|Any CPU
		{06E3DA7D-EDAE-402E-BDE1-BE643E066C55}.Release|Any CPU.Build.0 = Release|Any CPU
		{B05A0AF0-18D0-4D38-938A-252AF57E02CD}.Debug|Any CPU.ActiveCfg = Debug|Any CPU
		{B05A0AF0-18D0-4D38-938A-252AF57E02CD}.Debug|Any CPU.Build.0 = Debug|Any CPU
		{B05A0AF0-18D0-4D38-938A-252AF57E02CD}.Release|Any CPU.ActiveCfg = Release|Any CPU
		{B05A0AF0-18D0-4D38-938A-252AF57E02CD}.Release|Any CPU.Build.0 = Release|Any CPU
		{41873065-CBF7-42B9-8BB3-C18C4D224BD6}.Debug|Any CPU.ActiveCfg = Debug|Any CPU
		{41873065-CBF7-42B9-8BB3-C18C4D224BD6}.Debug|Any CPU.Build.0 = Debug|Any CPU
		{41873065-CBF7-42B9-8BB3-C18C4D224BD6}.Release|Any CPU.ActiveCfg = Release|Any CPU
		{41873065-CBF7-42B9-8BB3-C18C4D224BD6}.Release|Any CPU.Build.0 = Release|Any CPU
		{60E86B21-3AC7-4413-8EF0-C60665845F65}.Debug|Any CPU.ActiveCfg = Debug|Any CPU
		{60E86B21-3AC7-4413-8EF0-C60665845F65}.Debug|Any CPU.Build.0 = Debug|Any CPU
		{60E86B21-3AC7-4413-8EF0-C60665845F65}.Release|Any CPU.ActiveCfg = Release|Any CPU
		{60E86B21-3AC7-4413-8EF0-C60665845F65}.Release|Any CPU.Build.0 = Release|Any CPU
		{78745DD1-2507-4D93-8A7D-110B31166819}.Debug|Any CPU.ActiveCfg = Debug|Any CPU
		{78745DD1-2507-4D93-8A7D-110B31166819}.Debug|Any CPU.Build.0 = Debug|Any CPU
		{78745DD1-2507-4D93-8A7D-110B31166819}.Release|Any CPU.ActiveCfg = Release|Any CPU
		{78745DD1-2507-4D93-8A7D-110B31166819}.Release|Any CPU.Build.0 = Release|Any CPU
		{4373E76E-0269-4C7C-9D09-DA9B925A49EB}.Debug|Any CPU.ActiveCfg = Debug|Any CPU
		{4373E76E-0269-4C7C-9D09-DA9B925A49EB}.Debug|Any CPU.Build.0 = Debug|Any CPU
		{4373E76E-0269-4C7C-9D09-DA9B925A49EB}.Release|Any CPU.ActiveCfg = Release|Any CPU
		{4373E76E-0269-4C7C-9D09-DA9B925A49EB}.Release|Any CPU.Build.0 = Release|Any CPU
		{C606B042-13C8-4027-AD76-12161617CC07}.Debug|Any CPU.ActiveCfg = Debug|Any CPU
		{C606B042-13C8-4027-AD76-12161617CC07}.Debug|Any CPU.Build.0 = Debug|Any CPU
		{C606B042-13C8-4027-AD76-12161617CC07}.Release|Any CPU.ActiveCfg = Release|Any CPU
		{C606B042-13C8-4027-AD76-12161617CC07}.Release|Any CPU.Build.0 = Release|Any CPU
		{5521EDFD-2121-4DAA-8041-E848C83A969F}.Debug|Any CPU.ActiveCfg = Debug|Any CPU
		{5521EDFD-2121-4DAA-8041-E848C83A969F}.Debug|Any CPU.Build.0 = Debug|Any CPU
		{5521EDFD-2121-4DAA-8041-E848C83A969F}.Release|Any CPU.ActiveCfg = Release|Any CPU
		{5521EDFD-2121-4DAA-8041-E848C83A969F}.Release|Any CPU.Build.0 = Release|Any CPU
	EndGlobalSection
	GlobalSection(SolutionProperties) = preSolution
		HideSolutionNode = FALSE
	EndGlobalSection
	GlobalSection(ExtensibilityGlobals) = postSolution
		SolutionGuid = {A5B5BB58-740B-4E9D-9DF1-C93BA19BB852}
	EndGlobalSection
EndGlobal
